
Microsoft Visual Studio Solution File, Format Version 12.00
# Visual Studio Version 16
VisualStudioVersion = 16.0.28803.452
MinimumVisualStudioVersion = 10.0.40219.1
Project("{FAE04EC0-301F-11D3-BF4B-00C04F79EFBC}") = "FinalProjectDB", "FinalProjectDB\FinalProjectDB.csproj", "{AD819ACA-A379-4E3E-8DC3-8AD2F59F39A2}"
EndProject
Global
	GlobalSection(SolutionConfigurationPlatforms) = preSolution
		Debug|Any CPU = Debug|Any CPU
		Release|Any CPU = Release|Any CPU
	EndGlobalSection
	GlobalSection(ProjectConfigurationPlatforms) = postSolution
		{AD819ACA-A379-4E3E-8DC3-8AD2F59F39A2}.Debug|Any CPU.ActiveCfg = Debug|Any CPU
		{AD819ACA-A379-4E3E-8DC3-8AD2F59F39A2}.Debug|Any CPU.Build.0 = Debug|Any CPU
		{AD819ACA-A379-4E3E-8DC3-8AD2F59F39A2}.Release|Any CPU.ActiveCfg = Release|Any CPU
		{AD819ACA-A379-4E3E-8DC3-8AD2F59F39A2}.Release|Any CPU.Build.0 = Release|Any CPU
	EndGlobalSection
	GlobalSection(SolutionProperties) = preSolution
		HideSolutionNode = FALSE
	EndGlobalSection
	GlobalSection(ExtensibilityGlobals) = postSolution
		SolutionGuid = {B49316DB-A54D-49C5-9666-621EBCB2603F}
	EndGlobalSection
EndGlobal
